
Microsoft Visual Studio Solution File, Format Version 9.00
# Visual Studio 2005
Project("{8BC9CEB8-8B4A-11D0-8D11-00A0C91BC942}") = "Thrash.OpenGL.1", "Thrash.OpenGL.1\Thrash.OpenGL.1.vs05.vcproj", "{5E8DD992-42B3-4645-9810-E4D7D7FB3096}"
EndProject
Project("{8BC9CEB8-8B4A-11D0-8D11-00A0C91BC942}") = "Thrash.Core", "Thrash.Core\Thrash.Core.vs05.vcproj", "{9FA0F85E-F247-4D28-BC3B-B3BC6F24C598}"
EndProject
Project("{8BC9CEB8-8B4A-11D0-8D11-00A0C91BC942}") = "Thrash.OpenGL.3", "Thrash.OpenGL.3\Thrash.OpenGL.3.vs05.vcproj", "{864B464F-625F-4D4A-BBE5-599D79AEB52E}"
EndProject
Global
	GlobalSection(SolutionConfigurationPlatforms) = preSolution
		Debug|Win32 = Debug|Win32
		Release|Win32 = Release|Win32
	EndGlobalSection
	GlobalSection(ProjectConfigurationPlatforms) = postSolution
		{5E8DD992-42B3-4645-9810-E4D7D7FB3096}.Debug|Win32.ActiveCfg = Debug|Win32
		{5E8DD992-42B3-4645-9810-E4D7D7FB3096}.Debug|Win32.Build.0 = Debug|Win32
		{5E8DD992-42B3-4645-9810-E4D7D7FB3096}.Release|Win32.ActiveCfg = Release|Win32
		{5E8DD992-42B3-4645-9810-E4D7D7FB3096}.Release|Win32.Build.0 = Release|Win32
		{9FA0F85E-F247-4D28-BC3B-B3BC6F24C598}.Debug|Win32.ActiveCfg = Debug|Win32
		{9FA0F85E-F247-4D28-BC3B-B3BC6F24C598}.Debug|Win32.Build.0 = Debug|Win32
		{9FA0F85E-F247-4D28-BC3B-B3BC6F24C598}.Release|Win32.ActiveCfg = Release|Win32
		{9FA0F85E-F247-4D28-BC3B-B3BC6F24C598}.Release|Win32.Build.0 = Release|Win32
		{864B464F-625F-4D4A-BBE5-599D79AEB52E}.Debug|Win32.ActiveCfg = Debug|Win32
		{864B464F-625F-4D4A-BBE5-599D79AEB52E}.Debug|Win32.Build.0 = Debug|Win32
		{864B464F-625F-4D4A-BBE5-599D79AEB52E}.Release|Win32.ActiveCfg = Release|Win32
		{864B464F-625F-4D4A-BBE5-599D79AEB52E}.Release|Win32.Build.0 = Release|Win32
	EndGlobalSection
	GlobalSection(SolutionProperties) = preSolution
		HideSolutionNode = FALSE
	EndGlobalSection
EndGlobal
