<?xml version="1.0" encoding="utf-8"?>
<Project ToolsVersion="15.0" xmlns="http://schemas.microsoft.com/developer/msbuild/2003">
  <ItemGroup>
    <ClCompile Include="StdAfx.cpp">
      <Filter>Source Files</Filter>
    </ClCompile>
    <ClCompile Include="Thrash.cpp">
      <Filter>Source Files</Filter>
    </ClCompile>
    <ClCompile Include="Main.cpp">
      <Filter>Source Files\Thrash</Filter>
    </ClCompile>
    <ClCompile Include="Memory.cpp">
      <Filter>Source Files\Thrash</Filter>
    </ClCompile>
    <ClCompile Include="State.cpp">
      <Filter>Source Files\Thrash</Filter>
    </ClCompile>
    <ClCompile Include="Texture.cpp">
      <Filter>Source Files\Thrash</Filter>
    </ClCompile>
    <ClCompile Include="Color.cpp">
      <Filter>Source Files\Thrash</Filter>
    </ClCompile>
  </ItemGroup>
  <ItemGroup>
    <ClInclude Include="ThrashAbout.hpp">
      <Filter>Header Files\Types</Filter>
    </ClInclude>
    <ClInclude Include="ThrashWindow.hpp">
      <Filter>Header Files\Types</Filter>
    </ClInclude>
    <ClInclude Include="ThrashAboutFlags.hpp">
      <Filter>Header Files\Types</Filter>
    </ClInclude>
    <ClInclude Include="ThrashColor.hpp">
      <Filter>Header Files\Types</Filter>
    </ClInclude>
    <ClInclude Include="ThrashFogMode.hpp">
      <Filter>Header Files\Types</Filter>
    </ClInclude>
    <ClInclude Include="ThrashList.hpp">
      <Filter>Header Files\Types</Filter>
    </ClInclude>
    <ClInclude Include="ThrashRectangle.hpp">
      <Filter>Header Files\Types</Filter>
    </ClInclude>
    <ClInclude Include="ThrashResolution.hpp">
      <Filter>Header Files\Types</Filter>
    </ClInclude>
    <ClInclude Include="ThrashState.hpp">
      <Filter>Header Files\Types</Filter>
    </ClInclude>
    <ClInclude Include="ThrashTexCoord.hpp">
      <Filter>Header Files\Types</Filter>
    </ClInclude>
    <ClInclude Include="ThrashTexture.hpp">
      <Filter>Header Files\Types</Filter>
    </ClInclude>
    <ClInclude Include="ThrashVertCoord.hpp">
      <Filter>Header Files\Types</Filter>
    </ClInclude>
    <ClInclude Include="ThrashVertex.hpp">
      <Filter>Header Files\Types</Filter>
    </ClInclude>
    <ClInclude Include="Line.hpp">
      <Filter>Header Files\Thrash\Draw</Filter>
    </ClInclude>
    <ClInclude Include="Point.hpp">
      <Filter>Header Files\Thrash\Draw</Filter>
    </ClInclude>
    <ClInclude Include="Quad.hpp">
      <Filter>Header Files\Thrash\Draw</Filter>
    </ClInclude>
    <ClInclude Include="Sprite.hpp">
      <Filter>Header Files\Thrash\Draw</Filter>
    </ClInclude>
    <ClInclude Include="Tri.hpp">
      <Filter>Header Files\Thrash\Draw</Filter>
    </ClInclude>
    <ClInclude Include="Main.hpp">
      <Filter>Header Files\Thrash</Filter>
    </ClInclude>
    <ClInclude Include="Memory.hpp">
      <Filter>Header Files\Thrash</Filter>
    </ClInclude>
    <ClInclude Include="Rect.hpp">
      <Filter>Header Files\Thrash</Filter>
    </ClInclude>
    <ClInclude Include="State.hpp">
      <Filter>Header Files\Thrash</Filter>
    </ClInclude>
    <ClInclude Include="Texture.hpp">
      <Filter>Header Files\Thrash</Filter>
    </ClInclude>
    <ClInclude Include="Window.hpp">
      <Filter>Header Files\Thrash</Filter>
    </ClInclude>
    <ClInclude Include="Thrash.hpp">
      <Filter>Header Files</Filter>
    </ClInclude>
    <ClInclude Include="StdAfx.h">
      <Filter>Header Files</Filter>
    </ClInclude>
    <ClInclude Include="ThrashFunctions.hpp">
      <Filter>Header Files\Types</Filter>
    </ClInclude>
    <ClInclude Include="ThrashPrimitive.hpp">
      <Filter>Header Files\Types</Filter>
    </ClInclude>
    <ClInclude Include="Color.hpp">
      <Filter>Header Files\Thrash</Filter>
    </ClInclude>
    <ClInclude Include="ThrashColorFormat.hpp">
      <Filter>Header Files\Types</Filter>
    </ClInclude>
    <ClInclude Include="ThrashIndexFormat.hpp">
      <Filter>Header Files\Types</Filter>
    </ClInclude>
  </ItemGroup>
  <ItemGroup>
    <None Include="Thrash.def" />
  </ItemGroup>
  <ItemGroup>
    <Filter Include="Header Files">
      <UniqueIdentifier>{0eb3b35d-86b4-43a1-946c-a1b33edbbb4f}</UniqueIdentifier>
    </Filter>
    <Filter Include="Source Files">
      <UniqueIdentifier>{2ad6eb92-86c8-4571-b82b-f0ec93f9c6cb}</UniqueIdentifier>
    </Filter>
    <Filter Include="Header Files\Types">
      <UniqueIdentifier>{ae51b27b-3811-458f-873e-fc929fd491d7}</UniqueIdentifier>
    </Filter>
    <Filter Include="Header Files\Thrash">
      <UniqueIdentifier>{a2d3b7d9-73b9-46ec-b3d2-d8532e9f9ae8}</UniqueIdentifier>
    </Filter>
    <Filter Include="Header Files\Thrash\Draw">
      <UniqueIdentifier>{fb383ab5-dbd5-49ef-8dc3-cbf2c11e70d2}</UniqueIdentifier>
    </Filter>
    <Filter Include="Source Files\Thrash">
      <UniqueIdentifier>{14a196d1-6a8e-4858-b330-bd39a213e692}</UniqueIdentifier>
    </Filter>
  </ItemGroup>
</Project>