<?xml version="1.0" encoding="utf-8"?>
<Project ToolsVersion="15.0" xmlns="http://schemas.microsoft.com/developer/msbuild/2003">
  <ItemGroup>
    <ClCompile Include="Line.cpp">
      <Filter>Source Files\Thrash\Draw</Filter>
    </ClCompile>
    <ClCompile Include="Point.cpp">
      <Filter>Source Files\Thrash\Draw</Filter>
    </ClCompile>
    <ClCompile Include="Quad.cpp">
      <Filter>Source Files\Thrash\Draw</Filter>
    </ClCompile>
    <ClCompile Include="Sprite.cpp">
      <Filter>Source Files\Thrash\Draw</Filter>
    </ClCompile>
    <ClCompile Include="Tri.cpp">
      <Filter>Source Files\Thrash\Draw</Filter>
    </ClCompile>
    <ClCompile Include="Vertex.cpp">
      <Filter>Source Files\Thrash\Draw</Filter>
    </ClCompile>
    <ClCompile Include="GammaRamp.cpp">
      <Filter>Source Files\Thrash</Filter>
    </ClCompile>
    <ClCompile Include="Main.cpp">
      <Filter>Source Files\Thrash</Filter>
    </ClCompile>
    <ClCompile Include="Rect.cpp">
      <Filter>Source Files\Thrash</Filter>
    </ClCompile>
    <ClCompile Include="Resolution.cpp">
      <Filter>Source Files\Thrash</Filter>
    </ClCompile>
    <ClCompile Include="State.cpp">
      <Filter>Source Files\Thrash</Filter>
    </ClCompile>
    <ClCompile Include="Texture.cpp">
      <Filter>Source Files\Thrash</Filter>
    </ClCompile>
    <ClCompile Include="Window.cpp">
      <Filter>Source Files\Thrash</Filter>
    </ClCompile>
    <ClCompile Include="GL.cpp">
      <Filter>Source Files</Filter>
    </ClCompile>
    <ClCompile Include="StdAfx.cpp">
      <Filter>Source Files</Filter>
    </ClCompile>
    <ClCompile Include="DllMain.cpp">
      <Filter>Source Files</Filter>
    </ClCompile>
    <ClCompile Include="Context.cpp">
      <Filter>Source Files\Thrash</Filter>
    </ClCompile>
  </ItemGroup>
  <ItemGroup>
    <ClInclude Include="GL.hpp">
      <Filter>Header Files</Filter>
    </ClInclude>
    <ClInclude Include="Global.hpp">
      <Filter>Header Files</Filter>
    </ClInclude>
    <ClInclude Include="Resource.h">
      <Filter>Header Files</Filter>
    </ClInclude>
    <ClInclude Include="ThrashForced.hpp">
      <Filter>Header Files\Types</Filter>
    </ClInclude>
    <ClInclude Include="ThrashViewport.hpp">
      <Filter>Header Files\Types</Filter>
    </ClInclude>
    <ClInclude Include="GammaRamp.hpp">
      <Filter>Header Files\Thrash</Filter>
    </ClInclude>
    <ClInclude Include="Resolution.hpp">
      <Filter>Header Files\Thrash</Filter>
    </ClInclude>
    <ClInclude Include="Vertex.hpp">
      <Filter>Header Files\Thrash\Draw</Filter>
    </ClInclude>
    <ClInclude Include="ThrashDesktopMode.hpp">
      <Filter>Header Files\Types</Filter>
    </ClInclude>
    <ClInclude Include="Texture.hpp">
      <Filter>Header Files\Thrash</Filter>
    </ClInclude>
    <ClInclude Include="Main.hpp">
      <Filter>Header Files\Thrash</Filter>
    </ClInclude>
    <ClInclude Include="Context.hpp">
      <Filter>Header Files\Thrash</Filter>
    </ClInclude>
    <ClInclude Include="Rect.hpp">
      <Filter>Header Files\Thrash</Filter>
    </ClInclude>
  </ItemGroup>
  <ItemGroup>
    <Filter Include="Header Files">
      <UniqueIdentifier>{52949067-004a-4f89-954e-76cac391770d}</UniqueIdentifier>
    </Filter>
    <Filter Include="Header Files\Types">
      <UniqueIdentifier>{e9f72442-6fb6-4fd2-8b6a-c2fcfb1b11f4}</UniqueIdentifier>
    </Filter>
    <Filter Include="Header Files\Thrash">
      <UniqueIdentifier>{9820f1e8-6ddb-43e6-a541-5a08ed8d2c49}</UniqueIdentifier>
    </Filter>
    <Filter Include="Source Files">
      <UniqueIdentifier>{9894f9f1-3b2e-44c1-b85b-f89a3c64f6a8}</UniqueIdentifier>
    </Filter>
    <Filter Include="Resource Files">
      <UniqueIdentifier>{b48440de-744c-470c-835a-b1527d1c4325}</UniqueIdentifier>
    </Filter>
    <Filter Include="Source Files\Thrash">
      <UniqueIdentifier>{21624179-1928-459a-8ec0-8692a4d234c9}</UniqueIdentifier>
    </Filter>
    <Filter Include="Source Files\Thrash\Draw">
      <UniqueIdentifier>{f3e6e76f-99d2-467f-9b1c-6b412941f65c}</UniqueIdentifier>
    </Filter>
    <Filter Include="Header Files\Thrash\Draw">
      <UniqueIdentifier>{3d0cfd6d-5a68-413c-94be-6546c3f7f3e7}</UniqueIdentifier>
    </Filter>
  </ItemGroup>
  <ItemGroup>
    <ResourceCompile Include="Thrash.rc" />
  </ItemGroup>
</Project>